// !$*UTF8*$!
{
	archiveVersion = 1;
	classes = {
	};
	objectVersion = 50;
	objects = {

/* Begin PBXBuildFile section */
		0B7057CECCE54E5A94304BEA /* Pods_Project_Work_Gruppo_B.framework in Frameworks */ = {isa = PBXBuildFile; fileRef = 60745EA08D4615827C601718 /* Pods_Project_Work_Gruppo_B.framework */; };
		374A871F21C9015F00F5F818 /* FirebaseChat.swift in Sources */ = {isa = PBXBuildFile; fileRef = 374A871E21C9015F00F5F818 /* FirebaseChat.swift */; };
		374A872321C901C900F5F818 /* Message.swift in Sources */ = {isa = PBXBuildFile; fileRef = 374A872221C901C900F5F818 /* Message.swift */; };
		374A872521C905A900F5F818 /* Cryptor.swift in Sources */ = {isa = PBXBuildFile; fileRef = 374A872421C905A900F5F818 /* Cryptor.swift */; };
		374A872721C90FBD00F5F818 /* BasicChatViewController.swift in Sources */ = {isa = PBXBuildFile; fileRef = 374A872621C90FBC00F5F818 /* BasicChatViewController.swift */; };
		374A872921C90FD500F5F818 /* ChatViewController.swift in Sources */ = {isa = PBXBuildFile; fileRef = 374A872821C90FD400F5F818 /* ChatViewController.swift */; };
		374A872B21C9113400F5F818 /* GenericSettings.swift in Sources */ = {isa = PBXBuildFile; fileRef = 374A872A21C9113300F5F818 /* GenericSettings.swift */; };
		3756697E21B673A2003F1089 /* TopicListViewController.swift in Sources */ = {isa = PBXBuildFile; fileRef = 3756697D21B673A2003F1089 /* TopicListViewController.swift */; };
		3756698021B6A1F0003F1089 /* TopicTableViewCells.swift in Sources */ = {isa = PBXBuildFile; fileRef = 3756697F21B6A1F0003F1089 /* TopicTableViewCells.swift */; };
		3756698221B6B405003F1089 /* AddTopicViewController.swift in Sources */ = {isa = PBXBuildFile; fileRef = 3756698121B6B405003F1089 /* AddTopicViewController.swift */; };
		3756698621B6CB60003F1089 /* AlbumListViewController.swift in Sources */ = {isa = PBXBuildFile; fileRef = 3756698521B6CB60003F1089 /* AlbumListViewController.swift */; };
		3756698A21B6CD94003F1089 /* AlbumTableViewCells.swift in Sources */ = {isa = PBXBuildFile; fileRef = 3756698921B6CD94003F1089 /* AlbumTableViewCells.swift */; };
		3756698C21B6D031003F1089 /* Topic.swift in Sources */ = {isa = PBXBuildFile; fileRef = 3756698B21B6D031003F1089 /* Topic.swift */; };
		3756698E21B6E5BF003F1089 /* AddUsersTopicViewController.swift in Sources */ = {isa = PBXBuildFile; fileRef = 3756698D21B6E5BF003F1089 /* AddUsersTopicViewController.swift */; };
		6C14A15221B7D235002AB9D6 /* LaunchScreenViewController.swift in Sources */ = {isa = PBXBuildFile; fileRef = 6C14A15121B7D235002AB9D6 /* LaunchScreenViewController.swift */; };
		6C5366BF21BFC7C2006FE583 /* InfoTopicViewController.swift in Sources */ = {isa = PBXBuildFile; fileRef = 6C5366BE21BFC7C2006FE583 /* InfoTopicViewController.swift */; };
		6CACF7FA21BEAB5200E0ECB2 /* Localizable.strings in Resources */ = {isa = PBXBuildFile; fileRef = 6CACF7FC21BEAB5200E0ECB2 /* Localizable.strings */; };
		6CB3171E21AE89EF0037FE62 /* AppDelegate.swift in Sources */ = {isa = PBXBuildFile; fileRef = 6CB3171D21AE89EF0037FE62 /* AppDelegate.swift */; };
		6CB3172021AE89EF0037FE62 /* ViewController.swift in Sources */ = {isa = PBXBuildFile; fileRef = 6CB3171F21AE89EF0037FE62 /* ViewController.swift */; };
		6CB3172321AE89EF0037FE62 /* WhiteStoryboard.storyboard in Resources */ = {isa = PBXBuildFile; fileRef = 6CB3172121AE89EF0037FE62 /* WhiteStoryboard.storyboard */; };
		6CB3172521AE89F20037FE62 /* Assets.xcassets in Resources */ = {isa = PBXBuildFile; fileRef = 6CB3172421AE89F20037FE62 /* Assets.xcassets */; };
		6CB3172821AE89F20037FE62 /* LaunchScreen.storyboard in Resources */ = {isa = PBXBuildFile; fileRef = 6CB3172621AE89F20037FE62 /* LaunchScreen.storyboard */; };
		6CB3173321AE89F20037FE62 /* Project_Work_Gruppo_BTests.swift in Sources */ = {isa = PBXBuildFile; fileRef = 6CB3173221AE89F20037FE62 /* Project_Work_Gruppo_BTests.swift */; };
		6CB3173E21AE89F20037FE62 /* Project_Work_Gruppo_BUITests.swift in Sources */ = {isa = PBXBuildFile; fileRef = 6CB3173D21AE89F20037FE62 /* Project_Work_Gruppo_BUITests.swift */; };
		6CB3174C21AE94320037FE62 /* GoogleService-Info.plist in Resources */ = {isa = PBXBuildFile; fileRef = 6CB3174B21AE94320037FE62 /* GoogleService-Info.plist */; };
		7F10A3BA21AEAACB00F48481 /* Authentication.storyboard in Resources */ = {isa = PBXBuildFile; fileRef = 7F10A3B921AEAACB00F48481 /* Authentication.storyboard */; };
		7F4EBA2221BE714700AB8F7F /* AddAlbumViewController.swift in Sources */ = {isa = PBXBuildFile; fileRef = 7F4EBA2121BE714700AB8F7F /* AddAlbumViewController.swift */; };
		7FC61E6E21B6836300F42F15 /* StartViewController.swift in Sources */ = {isa = PBXBuildFile; fileRef = 7FC61E6D21B6836300F42F15 /* StartViewController.swift */; };
		7FE273B721B7EA91003CC4EA /* AccountViewController.swift in Sources */ = {isa = PBXBuildFile; fileRef = 7FE273B621B7EA91003CC4EA /* AccountViewController.swift */; };
		7FFB574B21AED757002E8DB2 /* User.swift in Sources */ = {isa = PBXBuildFile; fileRef = 7FFB574A21AED757002E8DB2 /* User.swift */; };
		7FFB575121AED7C2002E8DB2 /* Extension.swift in Sources */ = {isa = PBXBuildFile; fileRef = 7FFB574E21AED7C2002E8DB2 /* Extension.swift */; };
		7FFB575221AED7C2002E8DB2 /* GeneralUtils.swift in Sources */ = {isa = PBXBuildFile; fileRef = 7FFB574F21AED7C2002E8DB2 /* GeneralUtils.swift */; };
		7FFB575321AED7C2002E8DB2 /* NetworkManager.swift in Sources */ = {isa = PBXBuildFile; fileRef = 7FFB575021AED7C2002E8DB2 /* NetworkManager.swift */; };
		7FFB575821AED80C002E8DB2 /* LoginViewController.swift in Sources */ = {isa = PBXBuildFile; fileRef = 7FFB575521AED80C002E8DB2 /* LoginViewController.swift */; };
		7FFB575921AED80C002E8DB2 /* SaveViewController.swift in Sources */ = {isa = PBXBuildFile; fileRef = 7FFB575621AED80C002E8DB2 /* SaveViewController.swift */; };
		7FFB575A21AED80C002E8DB2 /* RegisterViewController.swift in Sources */ = {isa = PBXBuildFile; fileRef = 7FFB575721AED80C002E8DB2 /* RegisterViewController.swift */; };
		9614347721B7E87800A45C01 /* PhotoCollectionViewController.swift in Sources */ = {isa = PBXBuildFile; fileRef = 9670E9C421B6B5F90015A87B /* PhotoCollectionViewController.swift */; };
		962A215F21B6A07A002727A4 /* AddPhotoViewController.swift in Sources */ = {isa = PBXBuildFile; fileRef = 962A215E21B6A07A002727A4 /* AddPhotoViewController.swift */; };
		96377BE521ADABF8009CADBD /* Xcode.gitignore in Resources */ = {isa = PBXBuildFile; fileRef = 96377BE421ADABF8009CADBD /* Xcode.gitignore */; };
		96377C3A21AEDCD7009CADBD /* RealmUtils.swift in Sources */ = {isa = PBXBuildFile; fileRef = 96377C3921AEDCD7009CADBD /* RealmUtils.swift */; };
		96377C3E21AEE094009CADBD /* R.generated.swift in Sources */ = {isa = PBXBuildFile; fileRef = 96377C3D21AEE094009CADBD /* R.generated.swift */; };
		96377C4621B5653F009CADBD /* Album.swift in Sources */ = {isa = PBXBuildFile; fileRef = 96377C4521B5653F009CADBD /* Album.swift */; };
		96377C4821B5653F009CADBD /* Photo.swift in Sources */ = {isa = PBXBuildFile; fileRef = 96377C4721B5653F009CADBD /* Photo.swift */; };
		96377C4A21B5736F009CADBD /* MainStoryboard.storyboard in Resources */ = {isa = PBXBuildFile; fileRef = 96377C4921B5736B009CADBD /* MainStoryboard.storyboard */; };
		963C3E2521C18ACA0059E359 /* PhotoCollectionViewCells.swift in Sources */ = {isa = PBXBuildFile; fileRef = 963C3E2421C18ACA0059E359 /* PhotoCollectionViewCells.swift */; };
		9670E9C721B6B6890015A87B /* ImagePreview.swift in Sources */ = {isa = PBXBuildFile; fileRef = 9670E9C621B6B6890015A87B /* ImagePreview.swift */; };
		96F2122421C179FA0084B1E6 /* Image.swift in Sources */ = {isa = PBXBuildFile; fileRef = 96F2122321C179FA0084B1E6 /* Image.swift */; };
		96F44BC121C7A40400841204 /* AdminPhotoCollectionViewController.swift in Sources */ = {isa = PBXBuildFile; fileRef = 96F44BC021C7A40400841204 /* AdminPhotoCollectionViewController.swift */; };
/* End PBXBuildFile section */

/* Begin PBXContainerItemProxy section */
		6CB3172F21AE89F20037FE62 /* PBXContainerItemProxy */ = {
			isa = PBXContainerItemProxy;
			containerPortal = 6CB3171221AE89EF0037FE62 /* Project object */;
			proxyType = 1;
			remoteGlobalIDString = 6CB3171921AE89EF0037FE62;
			remoteInfo = "Project Work Gruppo B";
		};
		6CB3173A21AE89F20037FE62 /* PBXContainerItemProxy */ = {
			isa = PBXContainerItemProxy;
			containerPortal = 6CB3171221AE89EF0037FE62 /* Project object */;
			proxyType = 1;
			remoteGlobalIDString = 6CB3171921AE89EF0037FE62;
			remoteInfo = "Project Work Gruppo B";
		};
/* End PBXContainerItemProxy section */

/* Begin PBXFileReference section */
		12DAA032FF12C5F3DEA04CC8 /* Pods-Project Work Gruppo B.debug.xcconfig */ = {isa = PBXFileReference; includeInIndex = 1; lastKnownFileType = text.xcconfig; name = "Pods-Project Work Gruppo B.debug.xcconfig"; path = "Pods/Target Support Files/Pods-Project Work Gruppo B/Pods-Project Work Gruppo B.debug.xcconfig"; sourceTree = "<group>"; };
		20AE7E646B28A5D7C7532568 /* Pods-Project Work Gruppo B.release.xcconfig */ = {isa = PBXFileReference; includeInIndex = 1; lastKnownFileType = text.xcconfig; name = "Pods-Project Work Gruppo B.release.xcconfig"; path = "Pods/Target Support Files/Pods-Project Work Gruppo B/Pods-Project Work Gruppo B.release.xcconfig"; sourceTree = "<group>"; };
		374A871E21C9015F00F5F818 /* FirebaseChat.swift */ = {isa = PBXFileReference; lastKnownFileType = sourcecode.swift; path = FirebaseChat.swift; sourceTree = "<group>"; };
		374A872221C901C900F5F818 /* Message.swift */ = {isa = PBXFileReference; lastKnownFileType = sourcecode.swift; path = Message.swift; sourceTree = "<group>"; };
		374A872421C905A900F5F818 /* Cryptor.swift */ = {isa = PBXFileReference; lastKnownFileType = sourcecode.swift; path = Cryptor.swift; sourceTree = "<group>"; };
		374A872621C90FBC00F5F818 /* BasicChatViewController.swift */ = {isa = PBXFileReference; fileEncoding = 4; lastKnownFileType = sourcecode.swift; path = BasicChatViewController.swift; sourceTree = "<group>"; };
		374A872821C90FD400F5F818 /* ChatViewController.swift */ = {isa = PBXFileReference; fileEncoding = 4; lastKnownFileType = sourcecode.swift; path = ChatViewController.swift; sourceTree = "<group>"; };
		374A872A21C9113300F5F818 /* GenericSettings.swift */ = {isa = PBXFileReference; fileEncoding = 4; lastKnownFileType = sourcecode.swift; path = GenericSettings.swift; sourceTree = "<group>"; };
		3756697D21B673A2003F1089 /* TopicListViewController.swift */ = {isa = PBXFileReference; lastKnownFileType = sourcecode.swift; path = TopicListViewController.swift; sourceTree = "<group>"; };
		3756697F21B6A1F0003F1089 /* TopicTableViewCells.swift */ = {isa = PBXFileReference; lastKnownFileType = sourcecode.swift; path = TopicTableViewCells.swift; sourceTree = "<group>"; };
		3756698121B6B405003F1089 /* AddTopicViewController.swift */ = {isa = PBXFileReference; lastKnownFileType = sourcecode.swift; path = AddTopicViewController.swift; sourceTree = "<group>"; };
		3756698521B6CB60003F1089 /* AlbumListViewController.swift */ = {isa = PBXFileReference; lastKnownFileType = sourcecode.swift; path = AlbumListViewController.swift; sourceTree = "<group>"; };
		3756698921B6CD94003F1089 /* AlbumTableViewCells.swift */ = {isa = PBXFileReference; lastKnownFileType = sourcecode.swift; path = AlbumTableViewCells.swift; sourceTree = "<group>"; };
		3756698B21B6D031003F1089 /* Topic.swift */ = {isa = PBXFileReference; lastKnownFileType = sourcecode.swift; path = Topic.swift; sourceTree = "<group>"; };
		3756698D21B6E5BF003F1089 /* AddUsersTopicViewController.swift */ = {isa = PBXFileReference; lastKnownFileType = sourcecode.swift; path = AddUsersTopicViewController.swift; sourceTree = "<group>"; };
		60745EA08D4615827C601718 /* Pods_Project_Work_Gruppo_B.framework */ = {isa = PBXFileReference; explicitFileType = wrapper.framework; includeInIndex = 0; path = Pods_Project_Work_Gruppo_B.framework; sourceTree = BUILT_PRODUCTS_DIR; };
		6C14A15121B7D235002AB9D6 /* LaunchScreenViewController.swift */ = {isa = PBXFileReference; lastKnownFileType = sourcecode.swift; path = LaunchScreenViewController.swift; sourceTree = "<group>"; };
		6C5366BE21BFC7C2006FE583 /* InfoTopicViewController.swift */ = {isa = PBXFileReference; lastKnownFileType = sourcecode.swift; path = InfoTopicViewController.swift; sourceTree = "<group>"; };
		6CACF7FB21BEAB5200E0ECB2 /* en */ = {isa = PBXFileReference; lastKnownFileType = text.plist.strings; name = en; path = en.lproj/Localizable.strings; sourceTree = "<group>"; };
		6CACF7FE21BEAC0400E0ECB2 /* it */ = {isa = PBXFileReference; lastKnownFileType = text.plist.strings; name = it; path = it.lproj/Localizable.strings; sourceTree = "<group>"; };
		6CB3171A21AE89EF0037FE62 /* Project Work Gruppo B.app */ = {isa = PBXFileReference; explicitFileType = wrapper.application; includeInIndex = 0; path = "Project Work Gruppo B.app"; sourceTree = BUILT_PRODUCTS_DIR; };
		6CB3171D21AE89EF0037FE62 /* AppDelegate.swift */ = {isa = PBXFileReference; lastKnownFileType = sourcecode.swift; path = AppDelegate.swift; sourceTree = "<group>"; };
		6CB3171F21AE89EF0037FE62 /* ViewController.swift */ = {isa = PBXFileReference; lastKnownFileType = sourcecode.swift; path = ViewController.swift; sourceTree = "<group>"; };
		6CB3172221AE89EF0037FE62 /* Base */ = {isa = PBXFileReference; lastKnownFileType = file.storyboard; name = Base; path = Base.lproj/WhiteStoryboard.storyboard; sourceTree = "<group>"; };
		6CB3172421AE89F20037FE62 /* Assets.xcassets */ = {isa = PBXFileReference; lastKnownFileType = folder.assetcatalog; path = Assets.xcassets; sourceTree = "<group>"; };
		6CB3172721AE89F20037FE62 /* Base */ = {isa = PBXFileReference; lastKnownFileType = file.storyboard; name = Base; path = Base.lproj/LaunchScreen.storyboard; sourceTree = "<group>"; };
		6CB3172921AE89F20037FE62 /* Info.plist */ = {isa = PBXFileReference; lastKnownFileType = text.plist.xml; path = Info.plist; sourceTree = "<group>"; };
		6CB3172E21AE89F20037FE62 /* Project Work Gruppo BTests.xctest */ = {isa = PBXFileReference; explicitFileType = wrapper.cfbundle; includeInIndex = 0; path = "Project Work Gruppo BTests.xctest"; sourceTree = BUILT_PRODUCTS_DIR; };
		6CB3173221AE89F20037FE62 /* Project_Work_Gruppo_BTests.swift */ = {isa = PBXFileReference; lastKnownFileType = sourcecode.swift; path = Project_Work_Gruppo_BTests.swift; sourceTree = "<group>"; };
		6CB3173421AE89F20037FE62 /* Info.plist */ = {isa = PBXFileReference; lastKnownFileType = text.plist.xml; path = Info.plist; sourceTree = "<group>"; };
		6CB3173921AE89F20037FE62 /* Project Work Gruppo BUITests.xctest */ = {isa = PBXFileReference; explicitFileType = wrapper.cfbundle; includeInIndex = 0; path = "Project Work Gruppo BUITests.xctest"; sourceTree = BUILT_PRODUCTS_DIR; };
		6CB3173D21AE89F20037FE62 /* Project_Work_Gruppo_BUITests.swift */ = {isa = PBXFileReference; lastKnownFileType = sourcecode.swift; path = Project_Work_Gruppo_BUITests.swift; sourceTree = "<group>"; };
		6CB3173F21AE89F20037FE62 /* Info.plist */ = {isa = PBXFileReference; lastKnownFileType = text.plist.xml; path = Info.plist; sourceTree = "<group>"; };
		6CB3174B21AE94320037FE62 /* GoogleService-Info.plist */ = {isa = PBXFileReference; fileEncoding = 4; lastKnownFileType = text.plist.xml; path = "GoogleService-Info.plist"; sourceTree = "<group>"; };
		7F10A3B921AEAACB00F48481 /* Authentication.storyboard */ = {isa = PBXFileReference; lastKnownFileType = file.storyboard; path = Authentication.storyboard; sourceTree = "<group>"; };
		7F4EBA2121BE714700AB8F7F /* AddAlbumViewController.swift */ = {isa = PBXFileReference; lastKnownFileType = sourcecode.swift; path = AddAlbumViewController.swift; sourceTree = "<group>"; };
		7FC61E6D21B6836300F42F15 /* StartViewController.swift */ = {isa = PBXFileReference; lastKnownFileType = sourcecode.swift; path = StartViewController.swift; sourceTree = "<group>"; };
		7FE273B621B7EA91003CC4EA /* AccountViewController.swift */ = {isa = PBXFileReference; lastKnownFileType = sourcecode.swift; path = AccountViewController.swift; sourceTree = "<group>"; };
		7FFB574A21AED757002E8DB2 /* User.swift */ = {isa = PBXFileReference; fileEncoding = 4; lastKnownFileType = sourcecode.swift; path = User.swift; sourceTree = "<group>"; };
		7FFB574E21AED7C2002E8DB2 /* Extension.swift */ = {isa = PBXFileReference; fileEncoding = 4; lastKnownFileType = sourcecode.swift; name = Extension.swift; path = "Project Work Gruppo B/Utils/Extension.swift"; sourceTree = SOURCE_ROOT; };
		7FFB574F21AED7C2002E8DB2 /* GeneralUtils.swift */ = {isa = PBXFileReference; fileEncoding = 4; lastKnownFileType = sourcecode.swift; name = GeneralUtils.swift; path = "Project Work Gruppo B/Utils/GeneralUtils.swift"; sourceTree = SOURCE_ROOT; };
		7FFB575021AED7C2002E8DB2 /* NetworkManager.swift */ = {isa = PBXFileReference; fileEncoding = 4; lastKnownFileType = sourcecode.swift; name = NetworkManager.swift; path = "Project Work Gruppo B/Utils/NetworkManager.swift"; sourceTree = SOURCE_ROOT; };
		7FFB575521AED80C002E8DB2 /* LoginViewController.swift */ = {isa = PBXFileReference; fileEncoding = 4; lastKnownFileType = sourcecode.swift; name = LoginViewController.swift; path = "Project Work Gruppo B/Authentication/LoginViewController.swift"; sourceTree = SOURCE_ROOT; };
		7FFB575621AED80C002E8DB2 /* SaveViewController.swift */ = {isa = PBXFileReference; fileEncoding = 4; lastKnownFileType = sourcecode.swift; name = SaveViewController.swift; path = "Project Work Gruppo B/Authentication/SaveViewController.swift"; sourceTree = SOURCE_ROOT; };
		7FFB575721AED80C002E8DB2 /* RegisterViewController.swift */ = {isa = PBXFileReference; fileEncoding = 4; lastKnownFileType = sourcecode.swift; name = RegisterViewController.swift; path = "Project Work Gruppo B/Authentication/RegisterViewController.swift"; sourceTree = SOURCE_ROOT; };
		962A215E21B6A07A002727A4 /* AddPhotoViewController.swift */ = {isa = PBXFileReference; lastKnownFileType = sourcecode.swift; path = AddPhotoViewController.swift; sourceTree = "<group>"; };
		96377BE421ADABF8009CADBD /* Xcode.gitignore */ = {isa = PBXFileReference; fileEncoding = 4; lastKnownFileType = text; path = Xcode.gitignore; sourceTree = "<group>"; };
		96377BE721AEA8EC009CADBD /* LoginViewController.swift */ = {isa = PBXFileReference; lastKnownFileType = sourcecode.swift; path = LoginViewController.swift; sourceTree = "<group>"; };
		96377BE921AEA8FA009CADBD /* RegisterViewController.swift */ = {isa = PBXFileReference; lastKnownFileType = sourcecode.swift; path = RegisterViewController.swift; sourceTree = "<group>"; };
		96377BEB21AEA90B009CADBD /* SaveViewController.swift */ = {isa = PBXFileReference; lastKnownFileType = sourcecode.swift; path = SaveViewController.swift; sourceTree = "<group>"; };
		96377BED21AEA965009CADBD /* NetworkManager.swift */ = {isa = PBXFileReference; lastKnownFileType = sourcecode.swift; path = NetworkManager.swift; sourceTree = "<group>"; };
		96377BEF21AEAA49009CADBD /* Extension.swift */ = {isa = PBXFileReference; lastKnownFileType = sourcecode.swift; path = Extension.swift; sourceTree = "<group>"; };
		96377BF221AEAAF4009CADBD /* User.swift */ = {isa = PBXFileReference; lastKnownFileType = sourcecode.swift; path = User.swift; sourceTree = "<group>"; };
		96377BF521AEAC16009CADBD /* GeneralUtils.swift */ = {isa = PBXFileReference; lastKnownFileType = sourcecode.swift; path = GeneralUtils.swift; sourceTree = "<group>"; };
		96377C3921AEDCD7009CADBD /* RealmUtils.swift */ = {isa = PBXFileReference; lastKnownFileType = sourcecode.swift; path = RealmUtils.swift; sourceTree = "<group>"; };
		96377C3D21AEE094009CADBD /* R.generated.swift */ = {isa = PBXFileReference; fileEncoding = 4; lastKnownFileType = sourcecode.swift; path = R.generated.swift; sourceTree = SOURCE_ROOT; };
		96377C4521B5653F009CADBD /* Album.swift */ = {isa = PBXFileReference; lastKnownFileType = sourcecode.swift; path = Album.swift; sourceTree = "<group>"; };
		96377C4721B5653F009CADBD /* Photo.swift */ = {isa = PBXFileReference; lastKnownFileType = sourcecode.swift; path = Photo.swift; sourceTree = "<group>"; };
		96377C4921B5736B009CADBD /* MainStoryboard.storyboard */ = {isa = PBXFileReference; fileEncoding = 4; lastKnownFileType = file.storyboard; path = MainStoryboard.storyboard; sourceTree = "<group>"; };
		963C3E2421C18ACA0059E359 /* PhotoCollectionViewCells.swift */ = {isa = PBXFileReference; lastKnownFileType = sourcecode.swift; path = PhotoCollectionViewCells.swift; sourceTree = "<group>"; };
		9670E9C421B6B5F90015A87B /* PhotoCollectionViewController.swift */ = {isa = PBXFileReference; lastKnownFileType = sourcecode.swift; path = PhotoCollectionViewController.swift; sourceTree = "<group>"; };
		9670E9C621B6B6890015A87B /* ImagePreview.swift */ = {isa = PBXFileReference; lastKnownFileType = sourcecode.swift; path = ImagePreview.swift; sourceTree = "<group>"; };
		96F2122321C179FA0084B1E6 /* Image.swift */ = {isa = PBXFileReference; lastKnownFileType = sourcecode.swift; path = Image.swift; sourceTree = "<group>"; };
		96F44BC021C7A40400841204 /* AdminPhotoCollectionViewController.swift */ = {isa = PBXFileReference; lastKnownFileType = sourcecode.swift; path = AdminPhotoCollectionViewController.swift; sourceTree = "<group>"; };
/* End PBXFileReference section */

/* Begin PBXFrameworksBuildPhase section */
		6CB3171721AE89EF0037FE62 /* Frameworks */ = {
			isa = PBXFrameworksBuildPhase;
			buildActionMask = 2147483647;
			files = (
				0B7057CECCE54E5A94304BEA /* Pods_Project_Work_Gruppo_B.framework in Frameworks */,
			);
			runOnlyForDeploymentPostprocessing = 0;
		};
		6CB3172B21AE89F20037FE62 /* Frameworks */ = {
			isa = PBXFrameworksBuildPhase;
			buildActionMask = 2147483647;
			files = (
			);
			runOnlyForDeploymentPostprocessing = 0;
		};
		6CB3173621AE89F20037FE62 /* Frameworks */ = {
			isa = PBXFrameworksBuildPhase;
			buildActionMask = 2147483647;
			files = (
			);
			runOnlyForDeploymentPostprocessing = 0;
		};
/* End PBXFrameworksBuildPhase section */

/* Begin PBXGroup section */
		374A871D21C8F73000F5F818 /* Chat */ = {
			isa = PBXGroup;
			children = (
				374A872621C90FBC00F5F818 /* BasicChatViewController.swift */,
				374A872821C90FD400F5F818 /* ChatViewController.swift */,
				374A871E21C9015F00F5F818 /* FirebaseChat.swift */,
				374A872221C901C900F5F818 /* Message.swift */,
				374A872421C905A900F5F818 /* Cryptor.swift */,
				374A872A21C9113300F5F818 /* GenericSettings.swift */,
			);
			path = Chat;
			sourceTree = "<group>";
		};
		3756697C21B67375003F1089 /* Topic */ = {
			isa = PBXGroup;
			children = (
				3756697D21B673A2003F1089 /* TopicListViewController.swift */,
				3756698121B6B405003F1089 /* AddTopicViewController.swift */,
				3756697F21B6A1F0003F1089 /* TopicTableViewCells.swift */,
				3756698D21B6E5BF003F1089 /* AddUsersTopicViewController.swift */,
				7FE273B621B7EA91003CC4EA /* AccountViewController.swift */,
				6C5366BE21BFC7C2006FE583 /* InfoTopicViewController.swift */,
			);
			path = Topic;
			sourceTree = "<group>";
		};
		3756698721B6CCCA003F1089 /* Album */ = {
			isa = PBXGroup;
			children = (
				3756698521B6CB60003F1089 /* AlbumListViewController.swift */,
				3756698921B6CD94003F1089 /* AlbumTableViewCells.swift */,
				7F4EBA2121BE714700AB8F7F /* AddAlbumViewController.swift */,
			);
			path = Album;
			sourceTree = "<group>";
		};
		5A500CA9DD0AF50FEDE10322 /* Frameworks */ = {
			isa = PBXGroup;
			children = (
				60745EA08D4615827C601718 /* Pods_Project_Work_Gruppo_B.framework */,
			);
			name = Frameworks;
			sourceTree = "<group>";
		};
		6CACF7FD21BEABE600E0ECB2 /* Localizable */ = {
			isa = PBXGroup;
			children = (
				6CACF7FC21BEAB5200E0ECB2 /* Localizable.strings */,
			);
			path = Localizable;
			sourceTree = "<group>";
		};
		6CB3171121AE89EF0037FE62 = {
			isa = PBXGroup;
			children = (
				96377BE421ADABF8009CADBD /* Xcode.gitignore */,
				6CB3171C21AE89EF0037FE62 /* Project Work Gruppo B */,
				6CB3173121AE89F20037FE62 /* Project Work Gruppo BTests */,
				6CB3173C21AE89F20037FE62 /* Project Work Gruppo BUITests */,
				6CB3171B21AE89EF0037FE62 /* Products */,
				7FFB574921AECBCE002E8DB2 /* Recovered References */,
				FA09C4B09A995A5F7EA8BA4F /* Pods */,
				5A500CA9DD0AF50FEDE10322 /* Frameworks */,
			);
			sourceTree = "<group>";
		};
		6CB3171B21AE89EF0037FE62 /* Products */ = {
			isa = PBXGroup;
			children = (
				6CB3171A21AE89EF0037FE62 /* Project Work Gruppo B.app */,
				6CB3172E21AE89F20037FE62 /* Project Work Gruppo BTests.xctest */,
				6CB3173921AE89F20037FE62 /* Project Work Gruppo BUITests.xctest */,
			);
			name = Products;
			sourceTree = "<group>";
		};
		6CB3171C21AE89EF0037FE62 /* Project Work Gruppo B */ = {
			isa = PBXGroup;
			children = (
				374A871D21C8F73000F5F818 /* Chat */,
				6CACF7FD21BEABE600E0ECB2 /* Localizable */,
				7FFB574C21AED762002E8DB2 /* Models */,
				7FFB575421AED7EF002E8DB2 /* Authentication */,
				3756697C21B67375003F1089 /* Topic */,
				3756698721B6CCCA003F1089 /* Album */,
				9614347821B7E89C00A45C01 /* Photo */,
				7FFB574D21AED7B3002E8DB2 /* Utils */,
				7FE9CDB721AEB36900001929 /* Storyboards */,
				6CB3171D21AE89EF0037FE62 /* AppDelegate.swift */,
				6CB3172421AE89F20037FE62 /* Assets.xcassets */,
				6CB3172921AE89F20037FE62 /* Info.plist */,
				6CB3174B21AE94320037FE62 /* GoogleService-Info.plist */,
			);
			path = "Project Work Gruppo B";
			sourceTree = "<group>";
		};
		6CB3173121AE89F20037FE62 /* Project Work Gruppo BTests */ = {
			isa = PBXGroup;
			children = (
				6CB3173221AE89F20037FE62 /* Project_Work_Gruppo_BTests.swift */,
				6CB3173421AE89F20037FE62 /* Info.plist */,
			);
			path = "Project Work Gruppo BTests";
			sourceTree = "<group>";
		};
		6CB3173C21AE89F20037FE62 /* Project Work Gruppo BUITests */ = {
			isa = PBXGroup;
			children = (
				6CB3173D21AE89F20037FE62 /* Project_Work_Gruppo_BUITests.swift */,
				6CB3173F21AE89F20037FE62 /* Info.plist */,
			);
			path = "Project Work Gruppo BUITests";
			sourceTree = "<group>";
		};
		7FE9CDB721AEB36900001929 /* Storyboards */ = {
			isa = PBXGroup;
			children = (
				96377C4921B5736B009CADBD /* MainStoryboard.storyboard */,
				6CB3172621AE89F20037FE62 /* LaunchScreen.storyboard */,
				6CB3172121AE89EF0037FE62 /* WhiteStoryboard.storyboard */,
				7F10A3B921AEAACB00F48481 /* Authentication.storyboard */,
			);
			path = Storyboards;
			sourceTree = "<group>";
		};
		7FFB574921AECBCE002E8DB2 /* Recovered References */ = {
			isa = PBXGroup;
			children = (
				96377BED21AEA965009CADBD /* NetworkManager.swift */,
				96377BE721AEA8EC009CADBD /* LoginViewController.swift */,
				96377BEF21AEAA49009CADBD /* Extension.swift */,
				96377BEB21AEA90B009CADBD /* SaveViewController.swift */,
				96377BF221AEAAF4009CADBD /* User.swift */,
				96377BF521AEAC16009CADBD /* GeneralUtils.swift */,
				96377BE921AEA8FA009CADBD /* RegisterViewController.swift */,
			);
			name = "Recovered References";
			sourceTree = "<group>";
		};
		7FFB574C21AED762002E8DB2 /* Models */ = {
			isa = PBXGroup;
			children = (
				7FFB574A21AED757002E8DB2 /* User.swift */,
				3756698B21B6D031003F1089 /* Topic.swift */,
				96377C4521B5653F009CADBD /* Album.swift */,
				96377C4721B5653F009CADBD /* Photo.swift */,
				96F2122321C179FA0084B1E6 /* Image.swift */,
			);
			path = Models;
			sourceTree = "<group>";
		};
		7FFB574D21AED7B3002E8DB2 /* Utils */ = {
			isa = PBXGroup;
			children = (
				96377C3921AEDCD7009CADBD /* RealmUtils.swift */,
				7FFB574E21AED7C2002E8DB2 /* Extension.swift */,
				7FFB574F21AED7C2002E8DB2 /* GeneralUtils.swift */,
				7FFB575021AED7C2002E8DB2 /* NetworkManager.swift */,
				96377C3D21AEE094009CADBD /* R.generated.swift */,
			);
			name = Utils;
			path = "New Group";
			sourceTree = "<group>";
		};
		7FFB575421AED7EF002E8DB2 /* Authentication */ = {
			isa = PBXGroup;
			children = (
				7FFB575521AED80C002E8DB2 /* LoginViewController.swift */,
				7FFB575721AED80C002E8DB2 /* RegisterViewController.swift */,
				7FFB575621AED80C002E8DB2 /* SaveViewController.swift */,
				6CB3171F21AE89EF0037FE62 /* ViewController.swift */,
				7FC61E6D21B6836300F42F15 /* StartViewController.swift */,
				6C14A15121B7D235002AB9D6 /* LaunchScreenViewController.swift */,
			);
			name = Authentication;
			path = "New Group";
			sourceTree = "<group>";
		};
		9614347821B7E89C00A45C01 /* Photo */ = {
			isa = PBXGroup;
			children = (
				96F44BBF21C7A3D700841204 /* Admin */,
				9670E9C421B6B5F90015A87B /* PhotoCollectionViewController.swift */,
				9670E9C621B6B6890015A87B /* ImagePreview.swift */,
				962A215E21B6A07A002727A4 /* AddPhotoViewController.swift */,
				963C3E2421C18ACA0059E359 /* PhotoCollectionViewCells.swift */,
			);
			path = Photo;
			sourceTree = "<group>";
		};
		96F44BBF21C7A3D700841204 /* Admin */ = {
			isa = PBXGroup;
			children = (
				96F44BC021C7A40400841204 /* AdminPhotoCollectionViewController.swift */,
			);
			path = Admin;
			sourceTree = "<group>";
		};
		FA09C4B09A995A5F7EA8BA4F /* Pods */ = {
			isa = PBXGroup;
			children = (
				12DAA032FF12C5F3DEA04CC8 /* Pods-Project Work Gruppo B.debug.xcconfig */,
				20AE7E646B28A5D7C7532568 /* Pods-Project Work Gruppo B.release.xcconfig */,
			);
			name = Pods;
			sourceTree = "<group>";
		};
/* End PBXGroup section */

/* Begin PBXNativeTarget section */
		6CB3171921AE89EF0037FE62 /* Project Work Gruppo B */ = {
			isa = PBXNativeTarget;
			buildConfigurationList = 6CB3174221AE89F20037FE62 /* Build configuration list for PBXNativeTarget "Project Work Gruppo B" */;
			buildPhases = (
				3959CB2681B798E03E367FF1 /* [CP] Check Pods Manifest.lock */,
				96377C3C21AEE02E009CADBD /* ShellScript */,
				6CB3171621AE89EF0037FE62 /* Sources */,
				6CB3171721AE89EF0037FE62 /* Frameworks */,
				6CB3171821AE89EF0037FE62 /* Resources */,
				AB2FEFBD7B7846F378C24631 /* [CP] Embed Pods Frameworks */,
			);
			buildRules = (
			);
			dependencies = (
			);
			name = "Project Work Gruppo B";
			productName = "Project Work Gruppo B";
			productReference = 6CB3171A21AE89EF0037FE62 /* Project Work Gruppo B.app */;
			productType = "com.apple.product-type.application";
		};
		6CB3172D21AE89F20037FE62 /* Project Work Gruppo BTests */ = {
			isa = PBXNativeTarget;
			buildConfigurationList = 6CB3174521AE89F20037FE62 /* Build configuration list for PBXNativeTarget "Project Work Gruppo BTests" */;
			buildPhases = (
				6CB3172A21AE89F20037FE62 /* Sources */,
				6CB3172B21AE89F20037FE62 /* Frameworks */,
				6CB3172C21AE89F20037FE62 /* Resources */,
			);
			buildRules = (
			);
			dependencies = (
				6CB3173021AE89F20037FE62 /* PBXTargetDependency */,
			);
			name = "Project Work Gruppo BTests";
			productName = "Project Work Gruppo BTests";
			productReference = 6CB3172E21AE89F20037FE62 /* Project Work Gruppo BTests.xctest */;
			productType = "com.apple.product-type.bundle.unit-test";
		};
		6CB3173821AE89F20037FE62 /* Project Work Gruppo BUITests */ = {
			isa = PBXNativeTarget;
			buildConfigurationList = 6CB3174821AE89F20037FE62 /* Build configuration list for PBXNativeTarget "Project Work Gruppo BUITests" */;
			buildPhases = (
				6CB3173521AE89F20037FE62 /* Sources */,
				6CB3173621AE89F20037FE62 /* Frameworks */,
				6CB3173721AE89F20037FE62 /* Resources */,
			);
			buildRules = (
			);
			dependencies = (
				6CB3173B21AE89F20037FE62 /* PBXTargetDependency */,
			);
			name = "Project Work Gruppo BUITests";
			productName = "Project Work Gruppo BUITests";
			productReference = 6CB3173921AE89F20037FE62 /* Project Work Gruppo BUITests.xctest */;
			productType = "com.apple.product-type.bundle.ui-testing";
		};
/* End PBXNativeTarget section */

/* Begin PBXProject section */
		6CB3171221AE89EF0037FE62 /* Project object */ = {
			isa = PBXProject;
			attributes = {
				LastSwiftUpdateCheck = 1000;
				LastUpgradeCheck = 1000;
				ORGANIZATIONNAME = Eddi;
				TargetAttributes = {
					6CB3171921AE89EF0037FE62 = {
						CreatedOnToolsVersion = 10.0;
					};
					6CB3172D21AE89F20037FE62 = {
						CreatedOnToolsVersion = 10.0;
						TestTargetID = 6CB3171921AE89EF0037FE62;
					};
					6CB3173821AE89F20037FE62 = {
						CreatedOnToolsVersion = 10.0;
						TestTargetID = 6CB3171921AE89EF0037FE62;
					};
				};
			};
			buildConfigurationList = 6CB3171521AE89EF0037FE62 /* Build configuration list for PBXProject "Project Work Gruppo B" */;
			compatibilityVersion = "Xcode 9.3";
			developmentRegion = en;
			hasScannedForEncodings = 0;
			knownRegions = (
				en,
				Base,
				it,
			);
			mainGroup = 6CB3171121AE89EF0037FE62;
			productRefGroup = 6CB3171B21AE89EF0037FE62 /* Products */;
			projectDirPath = "";
			projectRoot = "";
			targets = (
				6CB3171921AE89EF0037FE62 /* Project Work Gruppo B */,
				6CB3172D21AE89F20037FE62 /* Project Work Gruppo BTests */,
				6CB3173821AE89F20037FE62 /* Project Work Gruppo BUITests */,
			);
		};
/* End PBXProject section */

/* Begin PBXResourcesBuildPhase section */
		6CB3171821AE89EF0037FE62 /* Resources */ = {
			isa = PBXResourcesBuildPhase;
			buildActionMask = 2147483647;
			files = (
				6CB3172821AE89F20037FE62 /* LaunchScreen.storyboard in Resources */,
				6CB3174C21AE94320037FE62 /* GoogleService-Info.plist in Resources */,
				96377BE521ADABF8009CADBD /* Xcode.gitignore in Resources */,
				6CACF7FA21BEAB5200E0ECB2 /* Localizable.strings in Resources */,
				96377C4A21B5736F009CADBD /* MainStoryboard.storyboard in Resources */,
				7F10A3BA21AEAACB00F48481 /* Authentication.storyboard in Resources */,
				6CB3172521AE89F20037FE62 /* Assets.xcassets in Resources */,
				6CB3172321AE89EF0037FE62 /* WhiteStoryboard.storyboard in Resources */,
			);
			runOnlyForDeploymentPostprocessing = 0;
		};
		6CB3172C21AE89F20037FE62 /* Resources */ = {
			isa = PBXResourcesBuildPhase;
			buildActionMask = 2147483647;
			files = (
			);
			runOnlyForDeploymentPostprocessing = 0;
		};
		6CB3173721AE89F20037FE62 /* Resources */ = {
			isa = PBXResourcesBuildPhase;
			buildActionMask = 2147483647;
			files = (
			);
			runOnlyForDeploymentPostprocessing = 0;
		};
/* End PBXResourcesBuildPhase section */

/* Begin PBXShellScriptBuildPhase section */
		3959CB2681B798E03E367FF1 /* [CP] Check Pods Manifest.lock */ = {
			isa = PBXShellScriptBuildPhase;
			buildActionMask = 2147483647;
			files = (
			);
			inputFileListPaths = (
			);
			inputPaths = (
				"${PODS_PODFILE_DIR_PATH}/Podfile.lock",
				"${PODS_ROOT}/Manifest.lock",
			);
			name = "[CP] Check Pods Manifest.lock";
			outputFileListPaths = (
			);
			outputPaths = (
				"$(DERIVED_FILE_DIR)/Pods-Project Work Gruppo B-checkManifestLockResult.txt",
			);
			runOnlyForDeploymentPostprocessing = 0;
			shellPath = /bin/sh;
			shellScript = "diff \"${PODS_PODFILE_DIR_PATH}/Podfile.lock\" \"${PODS_ROOT}/Manifest.lock\" > /dev/null\nif [ $? != 0 ] ; then\n    # print error to STDERR\n    echo \"error: The sandbox is not in sync with the Podfile.lock. Run 'pod install' or update your CocoaPods installation.\" >&2\n    exit 1\nfi\n# This output is used by Xcode 'outputs' to avoid re-running this script phase.\necho \"SUCCESS\" > \"${SCRIPT_OUTPUT_FILE_0}\"\n";
			showEnvVarsInLog = 0;
		};
		96377C3C21AEE02E009CADBD /* ShellScript */ = {
			isa = PBXShellScriptBuildPhase;
			buildActionMask = 2147483647;
			files = (
			);
			inputFileListPaths = (
			);
			inputPaths = (
			);
			outputFileListPaths = (
			);
			outputPaths = (
			);
			runOnlyForDeploymentPostprocessing = 0;
			shellPath = /bin/sh;
			shellScript = "# Type a script or drag a script file from your workspace to insert its path.\n\"$PODS_ROOT/R.swift/rswift\" generate \"$SRCROOT\"\n";
		};
		AB2FEFBD7B7846F378C24631 /* [CP] Embed Pods Frameworks */ = {
			isa = PBXShellScriptBuildPhase;
			buildActionMask = 2147483647;
			files = (
			);
			inputFileListPaths = (
			);
			inputPaths = (
				"${SRCROOT}/Pods/Target Support Files/Pods-Project Work Gruppo B/Pods-Project Work Gruppo B-frameworks.sh",
				"${BUILT_PRODUCTS_DIR}/BoringSSL/openssl.framework",
				"${BUILT_PRODUCTS_DIR}/CodableFirebase/CodableFirebase.framework",
				"${BUILT_PRODUCTS_DIR}/GTMSessionFetcher/GTMSessionFetcher.framework",
				"${BUILT_PRODUCTS_DIR}/GoogleUtilities/GoogleUtilities.framework",
				"${BUILT_PRODUCTS_DIR}/MessageInputBar/MessageInputBar.framework",
				"${BUILT_PRODUCTS_DIR}/MessageKit/MessageKit.framework",
				"${BUILT_PRODUCTS_DIR}/Protobuf/Protobuf.framework",
				"${BUILT_PRODUCTS_DIR}/R.swift.Library/Rswift.framework",
				"${BUILT_PRODUCTS_DIR}/RNCryptor/RNCryptor.framework",
				"${BUILT_PRODUCTS_DIR}/Realm/Realm.framework",
				"${BUILT_PRODUCTS_DIR}/RealmSwift/RealmSwift.framework",
				"${BUILT_PRODUCTS_DIR}/SKPhotoBrowser/SKPhotoBrowser.framework",
				"${BUILT_PRODUCTS_DIR}/gRPC/GRPCClient.framework",
				"${BUILT_PRODUCTS_DIR}/gRPC-C++/grpcpp.framework",
				"${BUILT_PRODUCTS_DIR}/gRPC-Core/grpc.framework",
				"${BUILT_PRODUCTS_DIR}/gRPC-ProtoRPC/ProtoRPC.framework",
				"${BUILT_PRODUCTS_DIR}/gRPC-RxLibrary/RxLibrary.framework",
				"${BUILT_PRODUCTS_DIR}/leveldb-library/leveldb.framework",
				"${BUILT_PRODUCTS_DIR}/nanopb/nanopb.framework",
			);
			name = "[CP] Embed Pods Frameworks";
			outputFileListPaths = (
			);
			outputPaths = (
				"${TARGET_BUILD_DIR}/${FRAMEWORKS_FOLDER_PATH}/openssl.framework",
				"${TARGET_BUILD_DIR}/${FRAMEWORKS_FOLDER_PATH}/CodableFirebase.framework",
				"${TARGET_BUILD_DIR}/${FRAMEWORKS_FOLDER_PATH}/GTMSessionFetcher.framework",
				"${TARGET_BUILD_DIR}/${FRAMEWORKS_FOLDER_PATH}/GoogleUtilities.framework",
				"${TARGET_BUILD_DIR}/${FRAMEWORKS_FOLDER_PATH}/MessageInputBar.framework",
				"${TARGET_BUILD_DIR}/${FRAMEWORKS_FOLDER_PATH}/MessageKit.framework",
				"${TARGET_BUILD_DIR}/${FRAMEWORKS_FOLDER_PATH}/Protobuf.framework",
				"${TARGET_BUILD_DIR}/${FRAMEWORKS_FOLDER_PATH}/Rswift.framework",
				"${TARGET_BUILD_DIR}/${FRAMEWORKS_FOLDER_PATH}/RNCryptor.framework",
				"${TARGET_BUILD_DIR}/${FRAMEWORKS_FOLDER_PATH}/Realm.framework",
				"${TARGET_BUILD_DIR}/${FRAMEWORKS_FOLDER_PATH}/RealmSwift.framework",
				"${TARGET_BUILD_DIR}/${FRAMEWORKS_FOLDER_PATH}/SKPhotoBrowser.framework",
				"${TARGET_BUILD_DIR}/${FRAMEWORKS_FOLDER_PATH}/GRPCClient.framework",
				"${TARGET_BUILD_DIR}/${FRAMEWORKS_FOLDER_PATH}/grpcpp.framework",
				"${TARGET_BUILD_DIR}/${FRAMEWORKS_FOLDER_PATH}/grpc.framework",
				"${TARGET_BUILD_DIR}/${FRAMEWORKS_FOLDER_PATH}/ProtoRPC.framework",
				"${TARGET_BUILD_DIR}/${FRAMEWORKS_FOLDER_PATH}/RxLibrary.framework",
				"${TARGET_BUILD_DIR}/${FRAMEWORKS_FOLDER_PATH}/leveldb.framework",
				"${TARGET_BUILD_DIR}/${FRAMEWORKS_FOLDER_PATH}/nanopb.framework",
			);
			runOnlyForDeploymentPostprocessing = 0;
			shellPath = /bin/sh;
			shellScript = "\"${SRCROOT}/Pods/Target Support Files/Pods-Project Work Gruppo B/Pods-Project Work Gruppo B-frameworks.sh\"\n";
			showEnvVarsInLog = 0;
		};
/* End PBXShellScriptBuildPhase section */

/* Begin PBXSourcesBuildPhase section */
		6CB3171621AE89EF0037FE62 /* Sources */ = {
			isa = PBXSourcesBuildPhase;
			buildActionMask = 2147483647;
			files = (
				962A215F21B6A07A002727A4 /* AddPhotoViewController.swift in Sources */,
				374A872521C905A900F5F818 /* Cryptor.swift in Sources */,
				374A872B21C9113400F5F818 /* GenericSettings.swift in Sources */,
				963C3E2521C18ACA0059E359 /* PhotoCollectionViewCells.swift in Sources */,
				96377C4821B5653F009CADBD /* Photo.swift in Sources */,
				7FE273B721B7EA91003CC4EA /* AccountViewController.swift in Sources */,
				96377C4621B5653F009CADBD /* Album.swift in Sources */,
				96F2122421C179FA0084B1E6 /* Image.swift in Sources */,
				374A872321C901C900F5F818 /* Message.swift in Sources */,
				7FFB575A21AED80C002E8DB2 /* RegisterViewController.swift in Sources */,
				3756698221B6B405003F1089 /* AddTopicViewController.swift in Sources */,
				7FFB575821AED80C002E8DB2 /* LoginViewController.swift in Sources */,
				6C14A15221B7D235002AB9D6 /* LaunchScreenViewController.swift in Sources */,
				7FFB575921AED80C002E8DB2 /* SaveViewController.swift in Sources */,
				7F4EBA2221BE714700AB8F7F /* AddAlbumViewController.swift in Sources */,
				3756698A21B6CD94003F1089 /* AlbumTableViewCells.swift in Sources */,
				3756698E21B6E5BF003F1089 /* AddUsersTopicViewController.swift in Sources */,
				374A871F21C9015F00F5F818 /* FirebaseChat.swift in Sources */,
				9614347721B7E87800A45C01 /* PhotoCollectionViewController.swift in Sources */,
				7FFB575321AED7C2002E8DB2 /* NetworkManager.swift in Sources */,
				3756698621B6CB60003F1089 /* AlbumListViewController.swift in Sources */,
				9670E9C721B6B6890015A87B /* ImagePreview.swift in Sources */,
				6CB3172021AE89EF0037FE62 /* ViewController.swift in Sources */,
				96F44BC121C7A40400841204 /* AdminPhotoCollectionViewController.swift in Sources */,
				3756698C21B6D031003F1089 /* Topic.swift in Sources */,
				6C5366BF21BFC7C2006FE583 /* InfoTopicViewController.swift in Sources */,
				6CB3171E21AE89EF0037FE62 /* AppDelegate.swift in Sources */,
				7FC61E6E21B6836300F42F15 /* StartViewController.swift in Sources */,
				374A872721C90FBD00F5F818 /* BasicChatViewController.swift in Sources */,
				7FFB574B21AED757002E8DB2 /* User.swift in Sources */,
				7FFB575221AED7C2002E8DB2 /* GeneralUtils.swift in Sources */,
				3756697E21B673A2003F1089 /* TopicListViewController.swift in Sources */,
				7FFB575121AED7C2002E8DB2 /* Extension.swift in Sources */,
				3756698021B6A1F0003F1089 /* TopicTableViewCells.swift in Sources */,
				96377C3E21AEE094009CADBD /* R.generated.swift in Sources */,
				374A872921C90FD500F5F818 /* ChatViewController.swift in Sources */,
				96377C3A21AEDCD7009CADBD /* RealmUtils.swift in Sources */,
			);
			runOnlyForDeploymentPostprocessing = 0;
		};
		6CB3172A21AE89F20037FE62 /* Sources */ = {
			isa = PBXSourcesBuildPhase;
			buildActionMask = 2147483647;
			files = (
				6CB3173321AE89F20037FE62 /* Project_Work_Gruppo_BTests.swift in Sources */,
			);
			runOnlyForDeploymentPostprocessing = 0;
		};
		6CB3173521AE89F20037FE62 /* Sources */ = {
			isa = PBXSourcesBuildPhase;
			buildActionMask = 2147483647;
			files = (
				6CB3173E21AE89F20037FE62 /* Project_Work_Gruppo_BUITests.swift in Sources */,
			);
			runOnlyForDeploymentPostprocessing = 0;
		};
/* End PBXSourcesBuildPhase section */

/* Begin PBXTargetDependency section */
		6CB3173021AE89F20037FE62 /* PBXTargetDependency */ = {
			isa = PBXTargetDependency;
			target = 6CB3171921AE89EF0037FE62 /* Project Work Gruppo B */;
			targetProxy = 6CB3172F21AE89F20037FE62 /* PBXContainerItemProxy */;
		};
		6CB3173B21AE89F20037FE62 /* PBXTargetDependency */ = {
			isa = PBXTargetDependency;
			target = 6CB3171921AE89EF0037FE62 /* Project Work Gruppo B */;
			targetProxy = 6CB3173A21AE89F20037FE62 /* PBXContainerItemProxy */;
		};
/* End PBXTargetDependency section */

/* Begin PBXVariantGroup section */
		6CACF7FC21BEAB5200E0ECB2 /* Localizable.strings */ = {
			isa = PBXVariantGroup;
			children = (
				6CACF7FB21BEAB5200E0ECB2 /* en */,
				6CACF7FE21BEAC0400E0ECB2 /* it */,
			);
			name = Localizable.strings;
			sourceTree = "<group>";
		};
		6CB3172121AE89EF0037FE62 /* WhiteStoryboard.storyboard */ = {
			isa = PBXVariantGroup;
			children = (
				6CB3172221AE89EF0037FE62 /* Base */,
			);
			name = WhiteStoryboard.storyboard;
			sourceTree = "<group>";
		};
		6CB3172621AE89F20037FE62 /* LaunchScreen.storyboard */ = {
			isa = PBXVariantGroup;
			children = (
				6CB3172721AE89F20037FE62 /* Base */,
			);
			name = LaunchScreen.storyboard;
			sourceTree = "<group>";
		};
/* End PBXVariantGroup section */

/* Begin XCBuildConfiguration section */
		6CB3174021AE89F20037FE62 /* Debug */ = {
			isa = XCBuildConfiguration;
			buildSettings = {
				ALWAYS_SEARCH_USER_PATHS = NO;
				CLANG_ANALYZER_LOCALIZABILITY_NONLOCALIZED = YES;
				CLANG_ANALYZER_NONNULL = YES;
				CLANG_ANALYZER_NUMBER_OBJECT_CONVERSION = YES_AGGRESSIVE;
				CLANG_CXX_LANGUAGE_STANDARD = "gnu++14";
				CLANG_CXX_LIBRARY = "libc++";
				CLANG_ENABLE_MODULES = YES;
				CLANG_ENABLE_OBJC_ARC = YES;
				CLANG_ENABLE_OBJC_WEAK = YES;
				CLANG_WARN_BLOCK_CAPTURE_AUTORELEASING = YES;
				CLANG_WARN_BOOL_CONVERSION = YES;
				CLANG_WARN_COMMA = YES;
				CLANG_WARN_CONSTANT_CONVERSION = YES;
				CLANG_WARN_DEPRECATED_OBJC_IMPLEMENTATIONS = YES;
				CLANG_WARN_DIRECT_OBJC_ISA_USAGE = YES_ERROR;
				CLANG_WARN_DOCUMENTATION_COMMENTS = YES;
				CLANG_WARN_EMPTY_BODY = YES;
				CLANG_WARN_ENUM_CONVERSION = YES;
				CLANG_WARN_INFINITE_RECURSION = YES;
				CLANG_WARN_INT_CONVERSION = YES;
				CLANG_WARN_NON_LITERAL_NULL_CONVERSION = YES;
				CLANG_WARN_OBJC_IMPLICIT_RETAIN_SELF = YES;
				CLANG_WARN_OBJC_LITERAL_CONVERSION = YES;
				CLANG_WARN_OBJC_ROOT_CLASS = YES_ERROR;
				CLANG_WARN_RANGE_LOOP_ANALYSIS = YES;
				CLANG_WARN_STRICT_PROTOTYPES = YES;
				CLANG_WARN_SUSPICIOUS_MOVE = YES;
				CLANG_WARN_UNGUARDED_AVAILABILITY = YES_AGGRESSIVE;
				CLANG_WARN_UNREACHABLE_CODE = YES;
				CLANG_WARN__DUPLICATE_METHOD_MATCH = YES;
				CODE_SIGN_IDENTITY = "iPhone Developer";
				COPY_PHASE_STRIP = NO;
				DEBUG_INFORMATION_FORMAT = dwarf;
				ENABLE_STRICT_OBJC_MSGSEND = YES;
				ENABLE_TESTABILITY = YES;
				GCC_C_LANGUAGE_STANDARD = gnu11;
				GCC_DYNAMIC_NO_PIC = NO;
				GCC_NO_COMMON_BLOCKS = YES;
				GCC_OPTIMIZATION_LEVEL = 0;
				GCC_PREPROCESSOR_DEFINITIONS = (
					"DEBUG=1",
					"$(inherited)",
				);
				GCC_WARN_64_TO_32_BIT_CONVERSION = YES;
				GCC_WARN_ABOUT_RETURN_TYPE = YES_ERROR;
				GCC_WARN_UNDECLARED_SELECTOR = YES;
				GCC_WARN_UNINITIALIZED_AUTOS = YES_AGGRESSIVE;
				GCC_WARN_UNUSED_FUNCTION = YES;
				GCC_WARN_UNUSED_VARIABLE = YES;
				IPHONEOS_DEPLOYMENT_TARGET = 12.0;
				MTL_ENABLE_DEBUG_INFO = INCLUDE_SOURCE;
				MTL_FAST_MATH = YES;
				ONLY_ACTIVE_ARCH = YES;
				SDKROOT = iphoneos;
				SWIFT_ACTIVE_COMPILATION_CONDITIONS = DEBUG;
				SWIFT_OPTIMIZATION_LEVEL = "-Onone";
			};
			name = Debug;
		};
		6CB3174121AE89F20037FE62 /* Release */ = {
			isa = XCBuildConfiguration;
			buildSettings = {
				ALWAYS_SEARCH_USER_PATHS = NO;
				CLANG_ANALYZER_LOCALIZABILITY_NONLOCALIZED = YES;
				CLANG_ANALYZER_NONNULL = YES;
				CLANG_ANALYZER_NUMBER_OBJECT_CONVERSION = YES_AGGRESSIVE;
				CLANG_CXX_LANGUAGE_STANDARD = "gnu++14";
				CLANG_CXX_LIBRARY = "libc++";
				CLANG_ENABLE_MODULES = YES;
				CLANG_ENABLE_OBJC_ARC = YES;
				CLANG_ENABLE_OBJC_WEAK = YES;
				CLANG_WARN_BLOCK_CAPTURE_AUTORELEASING = YES;
				CLANG_WARN_BOOL_CONVERSION = YES;
				CLANG_WARN_COMMA = YES;
				CLANG_WARN_CONSTANT_CONVERSION = YES;
				CLANG_WARN_DEPRECATED_OBJC_IMPLEMENTATIONS = YES;
				CLANG_WARN_DIRECT_OBJC_ISA_USAGE = YES_ERROR;
				CLANG_WARN_DOCUMENTATION_COMMENTS = YES;
				CLANG_WARN_EMPTY_BODY = YES;
				CLANG_WARN_ENUM_CONVERSION = YES;
				CLANG_WARN_INFINITE_RECURSION = YES;
				CLANG_WARN_INT_CONVERSION = YES;
				CLANG_WARN_NON_LITERAL_NULL_CONVERSION = YES;
				CLANG_WARN_OBJC_IMPLICIT_RETAIN_SELF = YES;
				CLANG_WARN_OBJC_LITERAL_CONVERSION = YES;
				CLANG_WARN_OBJC_ROOT_CLASS = YES_ERROR;
				CLANG_WARN_RANGE_LOOP_ANALYSIS = YES;
				CLANG_WARN_STRICT_PROTOTYPES = YES;
				CLANG_WARN_SUSPICIOUS_MOVE = YES;
				CLANG_WARN_UNGUARDED_AVAILABILITY = YES_AGGRESSIVE;
				CLANG_WARN_UNREACHABLE_CODE = YES;
				CLANG_WARN__DUPLICATE_METHOD_MATCH = YES;
				CODE_SIGN_IDENTITY = "iPhone Developer";
				COPY_PHASE_STRIP = NO;
				DEBUG_INFORMATION_FORMAT = "dwarf-with-dsym";
				ENABLE_NS_ASSERTIONS = NO;
				ENABLE_STRICT_OBJC_MSGSEND = YES;
				GCC_C_LANGUAGE_STANDARD = gnu11;
				GCC_NO_COMMON_BLOCKS = YES;
				GCC_WARN_64_TO_32_BIT_CONVERSION = YES;
				GCC_WARN_ABOUT_RETURN_TYPE = YES_ERROR;
				GCC_WARN_UNDECLARED_SELECTOR = YES;
				GCC_WARN_UNINITIALIZED_AUTOS = YES_AGGRESSIVE;
				GCC_WARN_UNUSED_FUNCTION = YES;
				GCC_WARN_UNUSED_VARIABLE = YES;
				IPHONEOS_DEPLOYMENT_TARGET = 12.0;
				MTL_ENABLE_DEBUG_INFO = NO;
				MTL_FAST_MATH = YES;
				SDKROOT = iphoneos;
				SWIFT_COMPILATION_MODE = wholemodule;
				SWIFT_OPTIMIZATION_LEVEL = "-O";
				VALIDATE_PRODUCT = YES;
			};
			name = Release;
		};
		6CB3174321AE89F20037FE62 /* Debug */ = {
			isa = XCBuildConfiguration;
			baseConfigurationReference = 12DAA032FF12C5F3DEA04CC8 /* Pods-Project Work Gruppo B.debug.xcconfig */;
			buildSettings = {
				ASSETCATALOG_COMPILER_APPICON_NAME = AppIcon;
				CODE_SIGN_STYLE = Automatic;
				INFOPLIST_FILE = "Project Work Gruppo B/Info.plist";
				LD_RUNPATH_SEARCH_PATHS = (
					"$(inherited)",
					"@executable_path/Frameworks",
				);
				PRODUCT_BUNDLE_IDENTIFIER = "com.eddiiOS.Project-Work-Gruppo-B";
				PRODUCT_NAME = "$(TARGET_NAME)";
				SWIFT_VERSION = 4.2;
				TARGETED_DEVICE_FAMILY = "1,2";
			};
			name = Debug;
		};
		6CB3174421AE89F20037FE62 /* Release */ = {
			isa = XCBuildConfiguration;
			baseConfigurationReference = 20AE7E646B28A5D7C7532568 /* Pods-Project Work Gruppo B.release.xcconfig */;
			buildSettings = {
				ASSETCATALOG_COMPILER_APPICON_NAME = AppIcon;
				CODE_SIGN_STYLE = Automatic;
				INFOPLIST_FILE = "Project Work Gruppo B/Info.plist";
				LD_RUNPATH_SEARCH_PATHS = (
					"$(inherited)",
					"@executable_path/Frameworks",
				);
				PRODUCT_BUNDLE_IDENTIFIER = "com.eddiiOS.Project-Work-Gruppo-B";
				PRODUCT_NAME = "$(TARGET_NAME)";
				SWIFT_VERSION = 4.2;
				TARGETED_DEVICE_FAMILY = "1,2";
			};
			name = Release;
		};
		6CB3174621AE89F20037FE62 /* Debug */ = {
			isa = XCBuildConfiguration;
			buildSettings = {
				ALWAYS_EMBED_SWIFT_STANDARD_LIBRARIES = YES;
				BUNDLE_LOADER = "$(TEST_HOST)";
				CODE_SIGN_STYLE = Automatic;
				INFOPLIST_FILE = "Project Work Gruppo BTests/Info.plist";
				LD_RUNPATH_SEARCH_PATHS = (
					"$(inherited)",
					"@executable_path/Frameworks",
					"@loader_path/Frameworks",
				);
				PRODUCT_BUNDLE_IDENTIFIER = "com.eddiiOS.Project-Work-Gruppo-BTests";
				PRODUCT_NAME = "$(TARGET_NAME)";
				SWIFT_VERSION = 4.2;
				TARGETED_DEVICE_FAMILY = "1,2";
				TEST_HOST = "$(BUILT_PRODUCTS_DIR)/Project Work Gruppo B.app/Project Work Gruppo B";
			};
			name = Debug;
		};
		6CB3174721AE89F20037FE62 /* Release */ = {
			isa = XCBuildConfiguration;
			buildSettings = {
				ALWAYS_EMBED_SWIFT_STANDARD_LIBRARIES = YES;
				BUNDLE_LOADER = "$(TEST_HOST)";
				CODE_SIGN_STYLE = Automatic;
				INFOPLIST_FILE = "Project Work Gruppo BTests/Info.plist";
				LD_RUNPATH_SEARCH_PATHS = (
					"$(inherited)",
					"@executable_path/Frameworks",
					"@loader_path/Frameworks",
				);
				PRODUCT_BUNDLE_IDENTIFIER = "com.eddiiOS.Project-Work-Gruppo-BTests";
				PRODUCT_NAME = "$(TARGET_NAME)";
				SWIFT_VERSION = 4.2;
				TARGETED_DEVICE_FAMILY = "1,2";
				TEST_HOST = "$(BUILT_PRODUCTS_DIR)/Project Work Gruppo B.app/Project Work Gruppo B";
			};
			name = Release;
		};
		6CB3174921AE89F20037FE62 /* Debug */ = {
			isa = XCBuildConfiguration;
			buildSettings = {
				ALWAYS_EMBED_SWIFT_STANDARD_LIBRARIES = YES;
				CODE_SIGN_STYLE = Automatic;
				INFOPLIST_FILE = "Project Work Gruppo BUITests/Info.plist";
				LD_RUNPATH_SEARCH_PATHS = (
					"$(inherited)",
					"@executable_path/Frameworks",
					"@loader_path/Frameworks",
				);
				PRODUCT_BUNDLE_IDENTIFIER = "com.eddiiOS.Project-Work-Gruppo-BUITests";
				PRODUCT_NAME = "$(TARGET_NAME)";
				SWIFT_VERSION = 4.2;
				TARGETED_DEVICE_FAMILY = "1,2";
				TEST_TARGET_NAME = "Project Work Gruppo B";
			};
			name = Debug;
		};
		6CB3174A21AE89F20037FE62 /* Release */ = {
			isa = XCBuildConfiguration;
			buildSettings = {
				ALWAYS_EMBED_SWIFT_STANDARD_LIBRARIES = YES;
				CODE_SIGN_STYLE = Automatic;
				INFOPLIST_FILE = "Project Work Gruppo BUITests/Info.plist";
				LD_RUNPATH_SEARCH_PATHS = (
					"$(inherited)",
					"@executable_path/Frameworks",
					"@loader_path/Frameworks",
				);
				PRODUCT_BUNDLE_IDENTIFIER = "com.eddiiOS.Project-Work-Gruppo-BUITests";
				PRODUCT_NAME = "$(TARGET_NAME)";
				SWIFT_VERSION = 4.2;
				TARGETED_DEVICE_FAMILY = "1,2";
				TEST_TARGET_NAME = "Project Work Gruppo B";
			};
			name = Release;
		};
/* End XCBuildConfiguration section */

/* Begin XCConfigurationList section */
		6CB3171521AE89EF0037FE62 /* Build configuration list for PBXProject "Project Work Gruppo B" */ = {
			isa = XCConfigurationList;
			buildConfigurations = (
				6CB3174021AE89F20037FE62 /* Debug */,
				6CB3174121AE89F20037FE62 /* Release */,
			);
			defaultConfigurationIsVisible = 0;
			defaultConfigurationName = Release;
		};
		6CB3174221AE89F20037FE62 /* Build configuration list for PBXNativeTarget "Project Work Gruppo B" */ = {
			isa = XCConfigurationList;
			buildConfigurations = (
				6CB3174321AE89F20037FE62 /* Debug */,
				6CB3174421AE89F20037FE62 /* Release */,
			);
			defaultConfigurationIsVisible = 0;
			defaultConfigurationName = Release;
		};
		6CB3174521AE89F20037FE62 /* Build configuration list for PBXNativeTarget "Project Work Gruppo BTests" */ = {
			isa = XCConfigurationList;
			buildConfigurations = (
				6CB3174621AE89F20037FE62 /* Debug */,
				6CB3174721AE89F20037FE62 /* Release */,
			);
			defaultConfigurationIsVisible = 0;
			defaultConfigurationName = Release;
		};
		6CB3174821AE89F20037FE62 /* Build configuration list for PBXNativeTarget "Project Work Gruppo BUITests" */ = {
			isa = XCConfigurationList;
			buildConfigurations = (
				6CB3174921AE89F20037FE62 /* Debug */,
				6CB3174A21AE89F20037FE62 /* Release */,
			);
			defaultConfigurationIsVisible = 0;
			defaultConfigurationName = Release;
		};
/* End XCConfigurationList section */
	};
	rootObject = 6CB3171221AE89EF0037FE62 /* Project object */;
}
